
Microsoft Visual Studio Solution File, Format Version 12.00
# Visual Studio Version 17
VisualStudioVersion = 17.7.34031.279
MinimumVisualStudioVersion = 10.0.40219.1
Project("{8BC9CEB8-8B4A-11D0-8D11-00A0C91BC942}") = "BakkesPluginTemplate", "BakkesPluginTemplate.vcxproj", "{6CBC3934-C2C0-4A13-AA81-3A1D050AD6FA}"
EndProject
Global
	GlobalSection(SolutionConfigurationPlatforms) = preSolution
		Release|x64 = Release|x64
	EndGlobalSection
	GlobalSection(ProjectConfigurationPlatforms) = postSolution
		{6CBC3934-C2C0-4A13-AA81-3A1D050AD6FA}.Release|x64.ActiveCfg = Release|x64
		{6CBC3934-C2C0-4A13-AA81-3A1D050AD6FA}.Release|x64.Build.0 = Release|x64
	EndGlobalSection
	GlobalSection(SolutionProperties) = preSolution
		HideSolutionNode = FALSE
	EndGlobalSection
	GlobalSection(ExtensibilityGlobals) = postSolution
		SolutionGuid = {CED6EFE6-C084-458D-88EE-9DCBAFF24511}
	EndGlobalSection
EndGlobal
